
Microsoft Visual Studio Solution File, Format Version 12.00
# Visual Studio Version 17
VisualStudioVersion = 17.0.31912.275
MinimumVisualStudioVersion = 10.0.40219.1
Project("{FAE04EC0-301F-11D3-BF4B-00C04F79EFBC}") = "PinTest", "PinTest.csproj", "{9F1052C0-2E3B-409C-9ED3-E8D3AE3D1543}"
EndProject
Global
	GlobalSection(SolutionConfigurationPlatforms) = preSolution
		Debug|Any CPU = Debug|Any CPU
		Release|Any CPU = Release|Any CPU
	EndGlobalSection
	GlobalSection(ProjectConfigurationPlatforms) = postSolution
		{9F1052C0-2E3B-409C-9ED3-E8D3AE3D1543}.Debug|Any CPU.ActiveCfg = Debug|Any CPU
		{9F1052C0-2E3B-409C-9ED3-E8D3AE3D1543}.Debug|Any CPU.Build.0 = Debug|Any CPU
		{9F1052C0-2E3B-409C-9ED3-E8D3AE3D1543}.Release|Any CPU.ActiveCfg = Release|Any CPU
		{9F1052C0-2E3B-409C-9ED3-E8D3AE3D1543}.Release|Any CPU.Build.0 = Release|Any CPU
	EndGlobalSection
	GlobalSection(SolutionProperties) = preSolution
		HideSolutionNode = FALSE
	EndGlobalSection
	GlobalSection(ExtensibilityGlobals) = postSolution
		SolutionGuid = {DC065D83-D1DF-4285-97BB-F0F22CE08675}
	EndGlobalSection
EndGlobal
